{
  "nodes": {
    "flakeNimbleLib": {
      "inputs": {
        "nixpkgs": [
          "nixpkgs"
        ]
      },
      "locked": {
        "lastModified": 1662018438,
        "narHash": "sha256-QtNtU6+LX3Wokxf0zlFwKTFOcn6TeDjKQZ+DA9OYtvM=",
        "owner": "riinr",
        "repo": "nim-flakes-lib",
        "rev": "b1fe8340736e3a85d25c709ac3dfd82a55c03cbf",
        "type": "github"
      },
      "original": {
        "owner": "riinr",
        "ref": "master",
        "repo": "nim-flakes-lib",
        "type": "github"
      }
    },
    "mongo-master": {
      "inputs": {
        "flakeNimbleLib": [
          "flakeNimbleLib"
        ],
        "nixpkgs": [
          "nixpkgs"
        ],
        "src-mongo-master": "src-mongo-master"
      },
      "locked": {
        "dir": "master",
        "lastModified": 1667322440,
        "narHash": "sha256-h5t3+N9C3DLYSMaOh1//oqwtWUSs8q5PSu13H4FQY7s=",
        "owner": "nim-nix-pkgs",
        "repo": "mongo",
        "rev": "daf378c9e05d7706cf3d372ae714a929e90ef8f0",
        "type": "github"
      },
      "original": {
        "dir": "master",
        "owner": "nim-nix-pkgs",
        "ref": "master",
        "repo": "mongo",
        "type": "github"
      }
    },
    "nixpkgs": {
      "locked": {
        "lastModified": 1667199707,
        "narHash": "sha256-I2Js3Y7gUyVSEXPULHlBoRek4Lh85vnevdS6mdvDNLI=",
        "owner": "NixOS",
        "repo": "nixpkgs",
        "rev": "ced197be72099edcfa68ebed8b87af7b04851f45",
        "type": "github"
      },
      "original": {
        "id": "nixpkgs",
        "type": "indirect"
      }
    },
    "root": {
      "inputs": {
        "flakeNimbleLib": "flakeNimbleLib",
        "mongo-master": "mongo-master",
        "nixpkgs": "nixpkgs"
      }
    },
    "src-mongo-master": {
      "flake": false,
      "locked": {
        "lastModified": 1435756357,
        "narHash": "sha256-OiaiwcQY8ob2pxzvS5C9SqbOQTHLGumnJdd9bwMjaNE=",
        "owner": "nim-lang",
        "repo": "mongo",
        "rev": "a78161f8a89d950fa9102cff2a09d3b3863b9213",
        "type": "github"
      },
      "original": {
        "owner": "nim-lang",
        "ref": "refs/heads/master",
        "repo": "mongo",
        "type": "github"
      }
    }
  },
  "root": "root",
  "version": 7
}
